
Microsoft Visual Studio Solution File, Format Version 12.00
# Visual Studio 2013
VisualStudioVersion = 12.0.30723.0
MinimumVisualStudioVersion = 10.0.40219.1
Project("{D954291E-2A0B-460D-934E-DC6B0785DB48}") = "1-AsyncAndXamarinForms", "AsyncAndXamarinForms\1-AsyncAndXamarinForms.shproj", "{E9D2A5FD-8461-4538-8DBC-1B58F050FA22}"
EndProject
Project("{FAE04EC0-301F-11D3-BF4B-00C04F79EFBC}") = "1-AsyncAndXamarinForms.Android", "AsyncAndXamarinForms.Android\1-AsyncAndXamarinForms.Android.csproj", "{AD92F516-E9E1-4920-A0F2-26EB9C8E4502}"
EndProject
Project("{FAE04EC0-301F-11D3-BF4B-00C04F79EFBC}") = "99-SimpleAsyncAwait", "SimpleAsyncAwait\99-SimpleAsyncAwait.csproj", "{FC4D1703-585E-4FBB-839F-A04FF51C57A1}"
EndProject
Project("{D954291E-2A0B-460D-934E-DC6B0785DB48}") = "2-NavigateAndProgress", "NavigateAndProgress\NavigateAndProgress\2-NavigateAndProgress.shproj", "{1F304B98-D30D-4C94-B15F-53A9D56DC8A6}"
EndProject
Project("{FAE04EC0-301F-11D3-BF4B-00C04F79EFBC}") = "2-NavigateAndProgress.Android", "NavigateAndProgress\NavigateAndProgress.Android\2-NavigateAndProgress.Android.csproj", "{88FC4AF0-3EDC-4B48-8018-E43FF952C3C3}"
EndProject
Project("{FAE04EC0-301F-11D3-BF4B-00C04F79EFBC}") = "99-DemoWebApi", "99-DemoWebApi\99-DemoWebApi.csproj", "{78873C7F-A9CF-4277-8CC9-BAA8211342EB}"
EndProject
Project("{D954291E-2A0B-460D-934E-DC6B0785DB48}") = "3-HttpClientAndWebApi", "HttpClientAndWebApi\HttpClientAndWebApi\3-HttpClientAndWebApi.shproj", "{545239D0-A8BA-4F53-A414-0C2CD8931543}"
EndProject
Project("{FAE04EC0-301F-11D3-BF4B-00C04F79EFBC}") = "3-HttpClientAndWebApi.Android", "HttpClientAndWebApi\HttpClientAndWebApi.Android\3-HttpClientAndWebApi.Android.csproj", "{6C02ECB7-A348-41CF-97D9-A3E15D3513C3}"
EndProject
Project("{FAE04EC0-301F-11D3-BF4B-00C04F79EFBC}") = "4-HelloGlass", "HelloGlass\4-HelloGlass.csproj", "{5B375420-57C8-43B6-ACF1-5E5C7799DC87}"
EndProject
Project("{D954291E-2A0B-460D-934E-DC6B0785DB48}") = "Threading", "Threading\Threading\Threading.shproj", "{82E4895C-AD0F-419E-9455-E2F67018738E}"
EndProject
Project("{FAE04EC0-301F-11D3-BF4B-00C04F79EFBC}") = "Threading.Android", "Threading\Threading.Android\Threading.Android.csproj", "{13A62DA0-FC49-4FF9-BC06-008028215337}"
EndProject
Global
	GlobalSection(SharedMSBuildProjectFiles) = preSolution
		NavigateAndProgress\NavigateAndProgress\NavigateAndProgress.projitems*{1f304b98-d30d-4c94-b15f-53a9d56dc8a6}*SharedItemsImports = 13
		Threading\Threading\Threading.projitems*{82e4895c-ad0f-419e-9455-e2f67018738e}*SharedItemsImports = 13
		Threading\Threading\Threading.projitems*{13a62da0-fc49-4ff9-bc06-008028215337}*SharedItemsImports = 4
		HttpClientAndWebApi\HttpClientAndWebApi\HttpClientAndWebApi.projitems*{545239d0-a8ba-4f53-a414-0c2cd8931543}*SharedItemsImports = 13
		NavigateAndProgress\NavigateAndProgress\NavigateAndProgress.projitems*{88fc4af0-3edc-4b48-8018-e43ff952c3c3}*SharedItemsImports = 4
		AsyncAndXamarinForms\AsyncAndXamarinForms.projitems*{ad92f516-e9e1-4920-a0f2-26eb9c8e4502}*SharedItemsImports = 4
		HttpClientAndWebApi\HttpClientAndWebApi\HttpClientAndWebApi.projitems*{6c02ecb7-a348-41cf-97d9-a3e15d3513c3}*SharedItemsImports = 4
		AsyncAndXamarinForms\AsyncAndXamarinForms.projitems*{e9d2a5fd-8461-4538-8dbc-1b58f050fa22}*SharedItemsImports = 13
	EndGlobalSection
	GlobalSection(SolutionConfigurationPlatforms) = preSolution
		Ad-Hoc|Any CPU = Ad-Hoc|Any CPU
		Ad-Hoc|ARM = Ad-Hoc|ARM
		Ad-Hoc|iPhone = Ad-Hoc|iPhone
		Ad-Hoc|iPhoneSimulator = Ad-Hoc|iPhoneSimulator
		Ad-Hoc|Mixed Platforms = Ad-Hoc|Mixed Platforms
		Ad-Hoc|x86 = Ad-Hoc|x86
		AppStore|Any CPU = AppStore|Any CPU
		AppStore|ARM = AppStore|ARM
		AppStore|iPhone = AppStore|iPhone
		AppStore|iPhoneSimulator = AppStore|iPhoneSimulator
		AppStore|Mixed Platforms = AppStore|Mixed Platforms
		AppStore|x86 = AppStore|x86
		Debug|Any CPU = Debug|Any CPU
		Debug|ARM = Debug|ARM
		Debug|iPhone = Debug|iPhone
		Debug|iPhoneSimulator = Debug|iPhoneSimulator
		Debug|Mixed Platforms = Debug|Mixed Platforms
		Debug|x86 = Debug|x86
		Release|Any CPU = Release|Any CPU
		Release|ARM = Release|ARM
		Release|iPhone = Release|iPhone
		Release|iPhoneSimulator = Release|iPhoneSimulator
		Release|Mixed Platforms = Release|Mixed Platforms
		Release|x86 = Release|x86
	EndGlobalSection
	GlobalSection(ProjectConfigurationPlatforms) = postSolution
		{AD92F516-E9E1-4920-A0F2-26EB9C8E4502}.Ad-Hoc|Any CPU.ActiveCfg = Release|Any CPU
		{AD92F516-E9E1-4920-A0F2-26EB9C8E4502}.Ad-Hoc|Any CPU.Build.0 = Release|Any CPU
		{AD92F516-E9E1-4920-A0F2-26EB9C8E4502}.Ad-Hoc|Any CPU.Deploy.0 = Release|Any CPU
		{AD92F516-E9E1-4920-A0F2-26EB9C8E4502}.Ad-Hoc|ARM.ActiveCfg = Release|Any CPU
		{AD92F516-E9E1-4920-A0F2-26EB9C8E4502}.Ad-Hoc|iPhone.ActiveCfg = Release|Any CPU
		{AD92F516-E9E1-4920-A0F2-26EB9C8E4502}.Ad-Hoc|iPhoneSimulator.ActiveCfg = Release|Any CPU
		{AD92F516-E9E1-4920-A0F2-26EB9C8E4502}.Ad-Hoc|Mixed Platforms.ActiveCfg = Release|Any CPU
		{AD92F516-E9E1-4920-A0F2-26EB9C8E4502}.Ad-Hoc|Mixed Platforms.Build.0 = Release|Any CPU
		{AD92F516-E9E1-4920-A0F2-26EB9C8E4502}.Ad-Hoc|Mixed Platforms.Deploy.0 = Release|Any CPU
		{AD92F516-E9E1-4920-A0F2-26EB9C8E4502}.Ad-Hoc|x86.ActiveCfg = Release|Any CPU
		{AD92F516-E9E1-4920-A0F2-26EB9C8E4502}.AppStore|Any CPU.ActiveCfg = Release|Any CPU
		{AD92F516-E9E1-4920-A0F2-26EB9C8E4502}.AppStore|Any CPU.Build.0 = Release|Any CPU
		{AD92F516-E9E1-4920-A0F2-26EB9C8E4502}.AppStore|Any CPU.Deploy.0 = Release|Any CPU
		{AD92F516-E9E1-4920-A0F2-26EB9C8E4502}.AppStore|ARM.ActiveCfg = Release|Any CPU
		{AD92F516-E9E1-4920-A0F2-26EB9C8E4502}.AppStore|iPhone.ActiveCfg = Release|Any CPU
		{AD92F516-E9E1-4920-A0F2-26EB9C8E4502}.AppStore|iPhoneSimulator.ActiveCfg = Release|Any CPU
		{AD92F516-E9E1-4920-A0F2-26EB9C8E4502}.AppStore|Mixed Platforms.ActiveCfg = Release|Any CPU
		{AD92F516-E9E1-4920-A0F2-26EB9C8E4502}.AppStore|Mixed Platforms.Build.0 = Release|Any CPU
		{AD92F516-E9E1-4920-A0F2-26EB9C8E4502}.AppStore|Mixed Platforms.Deploy.0 = Release|Any CPU
		{AD92F516-E9E1-4920-A0F2-26EB9C8E4502}.AppStore|x86.ActiveCfg = Release|Any CPU
		{AD92F516-E9E1-4920-A0F2-26EB9C8E4502}.Debug|Any CPU.ActiveCfg = Debug|Any CPU
		{AD92F516-E9E1-4920-A0F2-26EB9C8E4502}.Debug|Any CPU.Build.0 = Debug|Any CPU
		{AD92F516-E9E1-4920-A0F2-26EB9C8E4502}.Debug|ARM.ActiveCfg = Debug|Any CPU
		{AD92F516-E9E1-4920-A0F2-26EB9C8E4502}.Debug|iPhone.ActiveCfg = Debug|Any CPU
		{AD92F516-E9E1-4920-A0F2-26EB9C8E4502}.Debug|iPhoneSimulator.ActiveCfg = Debug|Any CPU
		{AD92F516-E9E1-4920-A0F2-26EB9C8E4502}.Debug|Mixed Platforms.ActiveCfg = Debug|Any CPU
		{AD92F516-E9E1-4920-A0F2-26EB9C8E4502}.Debug|Mixed Platforms.Build.0 = Debug|Any CPU
		{AD92F516-E9E1-4920-A0F2-26EB9C8E4502}.Debug|Mixed Platforms.Deploy.0 = Debug|Any CPU
		{AD92F516-E9E1-4920-A0F2-26EB9C8E4502}.Debug|x86.ActiveCfg = Debug|Any CPU
		{AD92F516-E9E1-4920-A0F2-26EB9C8E4502}.Debug|x86.Build.0 = Debug|Any CPU
		{AD92F516-E9E1-4920-A0F2-26EB9C8E4502}.Release|Any CPU.ActiveCfg = Release|Any CPU
		{AD92F516-E9E1-4920-A0F2-26EB9C8E4502}.Release|Any CPU.Build.0 = Release|Any CPU
		{AD92F516-E9E1-4920-A0F2-26EB9C8E4502}.Release|ARM.ActiveCfg = Release|Any CPU
		{AD92F516-E9E1-4920-A0F2-26EB9C8E4502}.Release|iPhone.ActiveCfg = Release|Any CPU
		{AD92F516-E9E1-4920-A0F2-26EB9C8E4502}.Release|iPhoneSimulator.ActiveCfg = Release|Any CPU
		{AD92F516-E9E1-4920-A0F2-26EB9C8E4502}.Release|Mixed Platforms.ActiveCfg = Release|Any CPU
		{AD92F516-E9E1-4920-A0F2-26EB9C8E4502}.Release|Mixed Platforms.Build.0 = Release|Any CPU
		{AD92F516-E9E1-4920-A0F2-26EB9C8E4502}.Release|Mixed Platforms.Deploy.0 = Release|Any CPU
		{AD92F516-E9E1-4920-A0F2-26EB9C8E4502}.Release|x86.ActiveCfg = Release|Any CPU
		{AD92F516-E9E1-4920-A0F2-26EB9C8E4502}.Release|x86.Build.0 = Release|Any CPU
		{FC4D1703-585E-4FBB-839F-A04FF51C57A1}.Ad-Hoc|Any CPU.ActiveCfg = Release|x86
		{FC4D1703-585E-4FBB-839F-A04FF51C57A1}.Ad-Hoc|ARM.ActiveCfg = Release|x86
		{FC4D1703-585E-4FBB-839F-A04FF51C57A1}.Ad-Hoc|iPhone.ActiveCfg = Release|x86
		{FC4D1703-585E-4FBB-839F-A04FF51C57A1}.Ad-Hoc|iPhoneSimulator.ActiveCfg = Release|x86
		{FC4D1703-585E-4FBB-839F-A04FF51C57A1}.Ad-Hoc|Mixed Platforms.ActiveCfg = Release|x86
		{FC4D1703-585E-4FBB-839F-A04FF51C57A1}.Ad-Hoc|Mixed Platforms.Build.0 = Release|x86
		{FC4D1703-585E-4FBB-839F-A04FF51C57A1}.Ad-Hoc|x86.ActiveCfg = Release|x86
		{FC4D1703-585E-4FBB-839F-A04FF51C57A1}.Ad-Hoc|x86.Build.0 = Release|x86
		{FC4D1703-585E-4FBB-839F-A04FF51C57A1}.AppStore|Any CPU.ActiveCfg = Release|x86
		{FC4D1703-585E-4FBB-839F-A04FF51C57A1}.AppStore|ARM.ActiveCfg = Release|x86
		{FC4D1703-585E-4FBB-839F-A04FF51C57A1}.AppStore|iPhone.ActiveCfg = Release|x86
		{FC4D1703-585E-4FBB-839F-A04FF51C57A1}.AppStore|iPhoneSimulator.ActiveCfg = Release|x86
		{FC4D1703-585E-4FBB-839F-A04FF51C57A1}.AppStore|Mixed Platforms.ActiveCfg = Release|x86
		{FC4D1703-585E-4FBB-839F-A04FF51C57A1}.AppStore|Mixed Platforms.Build.0 = Release|x86
		{FC4D1703-585E-4FBB-839F-A04FF51C57A1}.AppStore|x86.ActiveCfg = Release|x86
		{FC4D1703-585E-4FBB-839F-A04FF51C57A1}.AppStore|x86.Build.0 = Release|x86
		{FC4D1703-585E-4FBB-839F-A04FF51C57A1}.Debug|Any CPU.ActiveCfg = Debug|x86
		{FC4D1703-585E-4FBB-839F-A04FF51C57A1}.Debug|Any CPU.Build.0 = Debug|x86
		{FC4D1703-585E-4FBB-839F-A04FF51C57A1}.Debug|ARM.ActiveCfg = Debug|x86
		{FC4D1703-585E-4FBB-839F-A04FF51C57A1}.Debug|iPhone.ActiveCfg = Debug|x86
		{FC4D1703-585E-4FBB-839F-A04FF51C57A1}.Debug|iPhoneSimulator.ActiveCfg = Debug|x86
		{FC4D1703-585E-4FBB-839F-A04FF51C57A1}.Debug|Mixed Platforms.ActiveCfg = Debug|x86
		{FC4D1703-585E-4FBB-839F-A04FF51C57A1}.Debug|Mixed Platforms.Build.0 = Debug|x86
		{FC4D1703-585E-4FBB-839F-A04FF51C57A1}.Debug|x86.ActiveCfg = Debug|x86
		{FC4D1703-585E-4FBB-839F-A04FF51C57A1}.Debug|x86.Build.0 = Debug|x86
		{FC4D1703-585E-4FBB-839F-A04FF51C57A1}.Release|Any CPU.ActiveCfg = Release|x86
		{FC4D1703-585E-4FBB-839F-A04FF51C57A1}.Release|Any CPU.Build.0 = Release|x86
		{FC4D1703-585E-4FBB-839F-A04FF51C57A1}.Release|ARM.ActiveCfg = Release|x86
		{FC4D1703-585E-4FBB-839F-A04FF51C57A1}.Release|iPhone.ActiveCfg = Release|x86
		{FC4D1703-585E-4FBB-839F-A04FF51C57A1}.Release|iPhoneSimulator.ActiveCfg = Release|x86
		{FC4D1703-585E-4FBB-839F-A04FF51C57A1}.Release|Mixed Platforms.ActiveCfg = Release|x86
		{FC4D1703-585E-4FBB-839F-A04FF51C57A1}.Release|Mixed Platforms.Build.0 = Release|x86
		{FC4D1703-585E-4FBB-839F-A04FF51C57A1}.Release|x86.ActiveCfg = Release|x86
		{FC4D1703-585E-4FBB-839F-A04FF51C57A1}.Release|x86.Build.0 = Release|x86
		{88FC4AF0-3EDC-4B48-8018-E43FF952C3C3}.Ad-Hoc|Any CPU.ActiveCfg = Release|Any CPU
		{88FC4AF0-3EDC-4B48-8018-E43FF952C3C3}.Ad-Hoc|Any CPU.Build.0 = Release|Any CPU
		{88FC4AF0-3EDC-4B48-8018-E43FF952C3C3}.Ad-Hoc|Any CPU.Deploy.0 = Release|Any CPU
		{88FC4AF0-3EDC-4B48-8018-E43FF952C3C3}.Ad-Hoc|ARM.ActiveCfg = Release|Any CPU
		{88FC4AF0-3EDC-4B48-8018-E43FF952C3C3}.Ad-Hoc|iPhone.ActiveCfg = Release|Any CPU
		{88FC4AF0-3EDC-4B48-8018-E43FF952C3C3}.Ad-Hoc|iPhoneSimulator.ActiveCfg = Release|Any CPU
		{88FC4AF0-3EDC-4B48-8018-E43FF952C3C3}.Ad-Hoc|Mixed Platforms.ActiveCfg = Release|Any CPU
		{88FC4AF0-3EDC-4B48-8018-E43FF952C3C3}.Ad-Hoc|Mixed Platforms.Build.0 = Release|Any CPU
		{88FC4AF0-3EDC-4B48-8018-E43FF952C3C3}.Ad-Hoc|Mixed Platforms.Deploy.0 = Release|Any CPU
		{88FC4AF0-3EDC-4B48-8018-E43FF952C3C3}.Ad-Hoc|x86.ActiveCfg = Release|Any CPU
		{88FC4AF0-3EDC-4B48-8018-E43FF952C3C3}.AppStore|Any CPU.ActiveCfg = Release|Any CPU
		{88FC4AF0-3EDC-4B48-8018-E43FF952C3C3}.AppStore|Any CPU.Build.0 = Release|Any CPU
		{88FC4AF0-3EDC-4B48-8018-E43FF952C3C3}.AppStore|Any CPU.Deploy.0 = Release|Any CPU
		{88FC4AF0-3EDC-4B48-8018-E43FF952C3C3}.AppStore|ARM.ActiveCfg = Release|Any CPU
		{88FC4AF0-3EDC-4B48-8018-E43FF952C3C3}.AppStore|iPhone.ActiveCfg = Release|Any CPU
		{88FC4AF0-3EDC-4B48-8018-E43FF952C3C3}.AppStore|iPhoneSimulator.ActiveCfg = Release|Any CPU
		{88FC4AF0-3EDC-4B48-8018-E43FF952C3C3}.AppStore|Mixed Platforms.ActiveCfg = Release|Any CPU
		{88FC4AF0-3EDC-4B48-8018-E43FF952C3C3}.AppStore|Mixed Platforms.Build.0 = Release|Any CPU
		{88FC4AF0-3EDC-4B48-8018-E43FF952C3C3}.AppStore|Mixed Platforms.Deploy.0 = Release|Any CPU
		{88FC4AF0-3EDC-4B48-8018-E43FF952C3C3}.AppStore|x86.ActiveCfg = Release|Any CPU
		{88FC4AF0-3EDC-4B48-8018-E43FF952C3C3}.Debug|Any CPU.ActiveCfg = Debug|Any CPU
		{88FC4AF0-3EDC-4B48-8018-E43FF952C3C3}.Debug|Any CPU.Build.0 = Debug|Any CPU
		{88FC4AF0-3EDC-4B48-8018-E43FF952C3C3}.Debug|Any CPU.Deploy.0 = Debug|Any CPU
		{88FC4AF0-3EDC-4B48-8018-E43FF952C3C3}.Debug|ARM.ActiveCfg = Debug|Any CPU
		{88FC4AF0-3EDC-4B48-8018-E43FF952C3C3}.Debug|iPhone.ActiveCfg = Debug|Any CPU
		{88FC4AF0-3EDC-4B48-8018-E43FF952C3C3}.Debug|iPhoneSimulator.ActiveCfg = Debug|Any CPU
		{88FC4AF0-3EDC-4B48-8018-E43FF952C3C3}.Debug|Mixed Platforms.ActiveCfg = Debug|Any CPU
		{88FC4AF0-3EDC-4B48-8018-E43FF952C3C3}.Debug|Mixed Platforms.Build.0 = Debug|Any CPU
		{88FC4AF0-3EDC-4B48-8018-E43FF952C3C3}.Debug|Mixed Platforms.Deploy.0 = Debug|Any CPU
		{88FC4AF0-3EDC-4B48-8018-E43FF952C3C3}.Debug|x86.ActiveCfg = Debug|Any CPU
		{88FC4AF0-3EDC-4B48-8018-E43FF952C3C3}.Release|Any CPU.ActiveCfg = Release|Any CPU
		{88FC4AF0-3EDC-4B48-8018-E43FF952C3C3}.Release|Any CPU.Build.0 = Release|Any CPU
		{88FC4AF0-3EDC-4B48-8018-E43FF952C3C3}.Release|Any CPU.Deploy.0 = Release|Any CPU
		{88FC4AF0-3EDC-4B48-8018-E43FF952C3C3}.Release|ARM.ActiveCfg = Release|Any CPU
		{88FC4AF0-3EDC-4B48-8018-E43FF952C3C3}.Release|iPhone.ActiveCfg = Release|Any CPU
		{88FC4AF0-3EDC-4B48-8018-E43FF952C3C3}.Release|iPhoneSimulator.ActiveCfg = Release|Any CPU
		{88FC4AF0-3EDC-4B48-8018-E43FF952C3C3}.Release|Mixed Platforms.ActiveCfg = Release|Any CPU
		{88FC4AF0-3EDC-4B48-8018-E43FF952C3C3}.Release|Mixed Platforms.Build.0 = Release|Any CPU
		{88FC4AF0-3EDC-4B48-8018-E43FF952C3C3}.Release|Mixed Platforms.Deploy.0 = Release|Any CPU
		{88FC4AF0-3EDC-4B48-8018-E43FF952C3C3}.Release|x86.ActiveCfg = Release|Any CPU
		{78873C7F-A9CF-4277-8CC9-BAA8211342EB}.Ad-Hoc|Any CPU.ActiveCfg = Release|Any CPU
		{78873C7F-A9CF-4277-8CC9-BAA8211342EB}.Ad-Hoc|Any CPU.Build.0 = Release|Any CPU
		{78873C7F-A9CF-4277-8CC9-BAA8211342EB}.Ad-Hoc|ARM.ActiveCfg = Release|Any CPU
		{78873C7F-A9CF-4277-8CC9-BAA8211342EB}.Ad-Hoc|iPhone.ActiveCfg = Release|Any CPU
		{78873C7F-A9CF-4277-8CC9-BAA8211342EB}.Ad-Hoc|iPhoneSimulator.ActiveCfg = Release|Any CPU
		{78873C7F-A9CF-4277-8CC9-BAA8211342EB}.Ad-Hoc|Mixed Platforms.ActiveCfg = Release|Any CPU
		{78873C7F-A9CF-4277-8CC9-BAA8211342EB}.Ad-Hoc|Mixed Platforms.Build.0 = Release|Any CPU
		{78873C7F-A9CF-4277-8CC9-BAA8211342EB}.Ad-Hoc|x86.ActiveCfg = Release|Any CPU
		{78873C7F-A9CF-4277-8CC9-BAA8211342EB}.AppStore|Any CPU.ActiveCfg = Release|Any CPU
		{78873C7F-A9CF-4277-8CC9-BAA8211342EB}.AppStore|Any CPU.Build.0 = Release|Any CPU
		{78873C7F-A9CF-4277-8CC9-BAA8211342EB}.AppStore|ARM.ActiveCfg = Release|Any CPU
		{78873C7F-A9CF-4277-8CC9-BAA8211342EB}.AppStore|iPhone.ActiveCfg = Release|Any CPU
		{78873C7F-A9CF-4277-8CC9-BAA8211342EB}.AppStore|iPhoneSimulator.ActiveCfg = Release|Any CPU
		{78873C7F-A9CF-4277-8CC9-BAA8211342EB}.AppStore|Mixed Platforms.ActiveCfg = Release|Any CPU
		{78873C7F-A9CF-4277-8CC9-BAA8211342EB}.AppStore|Mixed Platforms.Build.0 = Release|Any CPU
		{78873C7F-A9CF-4277-8CC9-BAA8211342EB}.AppStore|x86.ActiveCfg = Release|Any CPU
		{78873C7F-A9CF-4277-8CC9-BAA8211342EB}.Debug|Any CPU.ActiveCfg = Debug|Any CPU
		{78873C7F-A9CF-4277-8CC9-BAA8211342EB}.Debug|Any CPU.Build.0 = Debug|Any CPU
		{78873C7F-A9CF-4277-8CC9-BAA8211342EB}.Debug|ARM.ActiveCfg = Debug|Any CPU
		{78873C7F-A9CF-4277-8CC9-BAA8211342EB}.Debug|iPhone.ActiveCfg = Debug|Any CPU
		{78873C7F-A9CF-4277-8CC9-BAA8211342EB}.Debug|iPhoneSimulator.ActiveCfg = Debug|Any CPU
		{78873C7F-A9CF-4277-8CC9-BAA8211342EB}.Debug|Mixed Platforms.ActiveCfg = Debug|Any CPU
		{78873C7F-A9CF-4277-8CC9-BAA8211342EB}.Debug|Mixed Platforms.Build.0 = Debug|Any CPU
		{78873C7F-A9CF-4277-8CC9-BAA8211342EB}.Debug|x86.ActiveCfg = Debug|Any CPU
		{78873C7F-A9CF-4277-8CC9-BAA8211342EB}.Release|Any CPU.ActiveCfg = Release|Any CPU
		{78873C7F-A9CF-4277-8CC9-BAA8211342EB}.Release|Any CPU.Build.0 = Release|Any CPU
		{78873C7F-A9CF-4277-8CC9-BAA8211342EB}.Release|ARM.ActiveCfg = Release|Any CPU
		{78873C7F-A9CF-4277-8CC9-BAA8211342EB}.Release|iPhone.ActiveCfg = Release|Any CPU
		{78873C7F-A9CF-4277-8CC9-BAA8211342EB}.Release|iPhoneSimulator.ActiveCfg = Release|Any CPU
		{78873C7F-A9CF-4277-8CC9-BAA8211342EB}.Release|Mixed Platforms.ActiveCfg = Release|Any CPU
		{78873C7F-A9CF-4277-8CC9-BAA8211342EB}.Release|Mixed Platforms.Build.0 = Release|Any CPU
		{78873C7F-A9CF-4277-8CC9-BAA8211342EB}.Release|x86.ActiveCfg = Release|Any CPU
		{6C02ECB7-A348-41CF-97D9-A3E15D3513C3}.Ad-Hoc|Any CPU.ActiveCfg = Release|Any CPU
		{6C02ECB7-A348-41CF-97D9-A3E15D3513C3}.Ad-Hoc|Any CPU.Build.0 = Release|Any CPU
		{6C02ECB7-A348-41CF-97D9-A3E15D3513C3}.Ad-Hoc|Any CPU.Deploy.0 = Release|Any CPU
		{6C02ECB7-A348-41CF-97D9-A3E15D3513C3}.Ad-Hoc|ARM.ActiveCfg = Release|Any CPU
		{6C02ECB7-A348-41CF-97D9-A3E15D3513C3}.Ad-Hoc|iPhone.ActiveCfg = Release|Any CPU
		{6C02ECB7-A348-41CF-97D9-A3E15D3513C3}.Ad-Hoc|iPhoneSimulator.ActiveCfg = Release|Any CPU
		{6C02ECB7-A348-41CF-97D9-A3E15D3513C3}.Ad-Hoc|Mixed Platforms.ActiveCfg = Release|Any CPU
		{6C02ECB7-A348-41CF-97D9-A3E15D3513C3}.Ad-Hoc|Mixed Platforms.Build.0 = Release|Any CPU
		{6C02ECB7-A348-41CF-97D9-A3E15D3513C3}.Ad-Hoc|Mixed Platforms.Deploy.0 = Release|Any CPU
		{6C02ECB7-A348-41CF-97D9-A3E15D3513C3}.Ad-Hoc|x86.ActiveCfg = Release|Any CPU
		{6C02ECB7-A348-41CF-97D9-A3E15D3513C3}.AppStore|Any CPU.ActiveCfg = Release|Any CPU
		{6C02ECB7-A348-41CF-97D9-A3E15D3513C3}.AppStore|Any CPU.Build.0 = Release|Any CPU
		{6C02ECB7-A348-41CF-97D9-A3E15D3513C3}.AppStore|Any CPU.Deploy.0 = Release|Any CPU
		{6C02ECB7-A348-41CF-97D9-A3E15D3513C3}.AppStore|ARM.ActiveCfg = Release|Any CPU
		{6C02ECB7-A348-41CF-97D9-A3E15D3513C3}.AppStore|iPhone.ActiveCfg = Release|Any CPU
		{6C02ECB7-A348-41CF-97D9-A3E15D3513C3}.AppStore|iPhoneSimulator.ActiveCfg = Release|Any CPU
		{6C02ECB7-A348-41CF-97D9-A3E15D3513C3}.AppStore|Mixed Platforms.ActiveCfg = Release|Any CPU
		{6C02ECB7-A348-41CF-97D9-A3E15D3513C3}.AppStore|Mixed Platforms.Build.0 = Release|Any CPU
		{6C02ECB7-A348-41CF-97D9-A3E15D3513C3}.AppStore|Mixed Platforms.Deploy.0 = Release|Any CPU
		{6C02ECB7-A348-41CF-97D9-A3E15D3513C3}.AppStore|x86.ActiveCfg = Release|Any CPU
		{6C02ECB7-A348-41CF-97D9-A3E15D3513C3}.Debug|Any CPU.ActiveCfg = Debug|Any CPU
		{6C02ECB7-A348-41CF-97D9-A3E15D3513C3}.Debug|Any CPU.Build.0 = Debug|Any CPU
		{6C02ECB7-A348-41CF-97D9-A3E15D3513C3}.Debug|Any CPU.Deploy.0 = Debug|Any CPU
		{6C02ECB7-A348-41CF-97D9-A3E15D3513C3}.Debug|ARM.ActiveCfg = Debug|Any CPU
		{6C02ECB7-A348-41CF-97D9-A3E15D3513C3}.Debug|iPhone.ActiveCfg = Debug|Any CPU
		{6C02ECB7-A348-41CF-97D9-A3E15D3513C3}.Debug|iPhoneSimulator.ActiveCfg = Debug|Any CPU
		{6C02ECB7-A348-41CF-97D9-A3E15D3513C3}.Debug|Mixed Platforms.ActiveCfg = Debug|Any CPU
		{6C02ECB7-A348-41CF-97D9-A3E15D3513C3}.Debug|Mixed Platforms.Build.0 = Debug|Any CPU
		{6C02ECB7-A348-41CF-97D9-A3E15D3513C3}.Debug|Mixed Platforms.Deploy.0 = Debug|Any CPU
		{6C02ECB7-A348-41CF-97D9-A3E15D3513C3}.Debug|x86.ActiveCfg = Debug|Any CPU
		{6C02ECB7-A348-41CF-97D9-A3E15D3513C3}.Release|Any CPU.ActiveCfg = Release|Any CPU
		{6C02ECB7-A348-41CF-97D9-A3E15D3513C3}.Release|Any CPU.Build.0 = Release|Any CPU
		{6C02ECB7-A348-41CF-97D9-A3E15D3513C3}.Release|Any CPU.Deploy.0 = Release|Any CPU
		{6C02ECB7-A348-41CF-97D9-A3E15D3513C3}.Release|ARM.ActiveCfg = Release|Any CPU
		{6C02ECB7-A348-41CF-97D9-A3E15D3513C3}.Release|iPhone.ActiveCfg = Release|Any CPU
		{6C02ECB7-A348-41CF-97D9-A3E15D3513C3}.Release|iPhoneSimulator.ActiveCfg = Release|Any CPU
		{6C02ECB7-A348-41CF-97D9-A3E15D3513C3}.Release|Mixed Platforms.ActiveCfg = Release|Any CPU
		{6C02ECB7-A348-41CF-97D9-A3E15D3513C3}.Release|Mixed Platforms.Build.0 = Release|Any CPU
		{6C02ECB7-A348-41CF-97D9-A3E15D3513C3}.Release|Mixed Platforms.Deploy.0 = Release|Any CPU
		{6C02ECB7-A348-41CF-97D9-A3E15D3513C3}.Release|x86.ActiveCfg = Release|Any CPU
		{5B375420-57C8-43B6-ACF1-5E5C7799DC87}.Ad-Hoc|Any CPU.ActiveCfg = Release|Any CPU
		{5B375420-57C8-43B6-ACF1-5E5C7799DC87}.Ad-Hoc|Any CPU.Build.0 = Release|Any CPU
		{5B375420-57C8-43B6-ACF1-5E5C7799DC87}.Ad-Hoc|Any CPU.Deploy.0 = Release|Any CPU
		{5B375420-57C8-43B6-ACF1-5E5C7799DC87}.Ad-Hoc|ARM.ActiveCfg = Release|Any CPU
		{5B375420-57C8-43B6-ACF1-5E5C7799DC87}.Ad-Hoc|iPhone.ActiveCfg = Release|Any CPU
		{5B375420-57C8-43B6-ACF1-5E5C7799DC87}.Ad-Hoc|iPhoneSimulator.ActiveCfg = Release|Any CPU
		{5B375420-57C8-43B6-ACF1-5E5C7799DC87}.Ad-Hoc|Mixed Platforms.ActiveCfg = Release|Any CPU
		{5B375420-57C8-43B6-ACF1-5E5C7799DC87}.Ad-Hoc|Mixed Platforms.Build.0 = Release|Any CPU
		{5B375420-57C8-43B6-ACF1-5E5C7799DC87}.Ad-Hoc|Mixed Platforms.Deploy.0 = Release|Any CPU
		{5B375420-57C8-43B6-ACF1-5E5C7799DC87}.Ad-Hoc|x86.ActiveCfg = Release|Any CPU
		{5B375420-57C8-43B6-ACF1-5E5C7799DC87}.AppStore|Any CPU.ActiveCfg = Release|Any CPU
		{5B375420-57C8-43B6-ACF1-5E5C7799DC87}.AppStore|Any CPU.Build.0 = Release|Any CPU
		{5B375420-57C8-43B6-ACF1-5E5C7799DC87}.AppStore|Any CPU.Deploy.0 = Release|Any CPU
		{5B375420-57C8-43B6-ACF1-5E5C7799DC87}.AppStore|ARM.ActiveCfg = Release|Any CPU
		{5B375420-57C8-43B6-ACF1-5E5C7799DC87}.AppStore|iPhone.ActiveCfg = Release|Any CPU
		{5B375420-57C8-43B6-ACF1-5E5C7799DC87}.AppStore|iPhoneSimulator.ActiveCfg = Release|Any CPU
		{5B375420-57C8-43B6-ACF1-5E5C7799DC87}.AppStore|Mixed Platforms.ActiveCfg = Release|Any CPU
		{5B375420-57C8-43B6-ACF1-5E5C7799DC87}.AppStore|Mixed Platforms.Build.0 = Release|Any CPU
		{5B375420-57C8-43B6-ACF1-5E5C7799DC87}.AppStore|Mixed Platforms.Deploy.0 = Release|Any CPU
		{5B375420-57C8-43B6-ACF1-5E5C7799DC87}.AppStore|x86.ActiveCfg = Release|Any CPU
		{5B375420-57C8-43B6-ACF1-5E5C7799DC87}.Debug|Any CPU.ActiveCfg = Debug|Any CPU
		{5B375420-57C8-43B6-ACF1-5E5C7799DC87}.Debug|Any CPU.Build.0 = Debug|Any CPU
		{5B375420-57C8-43B6-ACF1-5E5C7799DC87}.Debug|Any CPU.Deploy.0 = Debug|Any CPU
		{5B375420-57C8-43B6-ACF1-5E5C7799DC87}.Debug|ARM.ActiveCfg = Debug|Any CPU
		{5B375420-57C8-43B6-ACF1-5E5C7799DC87}.Debug|iPhone.ActiveCfg = Debug|Any CPU
		{5B375420-57C8-43B6-ACF1-5E5C7799DC87}.Debug|iPhoneSimulator.ActiveCfg = Debug|Any CPU
		{5B375420-57C8-43B6-ACF1-5E5C7799DC87}.Debug|Mixed Platforms.ActiveCfg = Debug|Any CPU
		{5B375420-57C8-43B6-ACF1-5E5C7799DC87}.Debug|Mixed Platforms.Build.0 = Debug|Any CPU
		{5B375420-57C8-43B6-ACF1-5E5C7799DC87}.Debug|Mixed Platforms.Deploy.0 = Debug|Any CPU
		{5B375420-57C8-43B6-ACF1-5E5C7799DC87}.Debug|x86.ActiveCfg = Debug|Any CPU
		{5B375420-57C8-43B6-ACF1-5E5C7799DC87}.Release|Any CPU.ActiveCfg = Release|Any CPU
		{5B375420-57C8-43B6-ACF1-5E5C7799DC87}.Release|Any CPU.Build.0 = Release|Any CPU
		{5B375420-57C8-43B6-ACF1-5E5C7799DC87}.Release|Any CPU.Deploy.0 = Release|Any CPU
		{5B375420-57C8-43B6-ACF1-5E5C7799DC87}.Release|ARM.ActiveCfg = Release|Any CPU
		{5B375420-57C8-43B6-ACF1-5E5C7799DC87}.Release|iPhone.ActiveCfg = Release|Any CPU
		{5B375420-57C8-43B6-ACF1-5E5C7799DC87}.Release|iPhoneSimulator.ActiveCfg = Release|Any CPU
		{5B375420-57C8-43B6-ACF1-5E5C7799DC87}.Release|Mixed Platforms.ActiveCfg = Release|Any CPU
		{5B375420-57C8-43B6-ACF1-5E5C7799DC87}.Release|Mixed Platforms.Build.0 = Release|Any CPU
		{5B375420-57C8-43B6-ACF1-5E5C7799DC87}.Release|Mixed Platforms.Deploy.0 = Release|Any CPU
		{5B375420-57C8-43B6-ACF1-5E5C7799DC87}.Release|x86.ActiveCfg = Release|Any CPU
		{13A62DA0-FC49-4FF9-BC06-008028215337}.Ad-Hoc|Any CPU.ActiveCfg = Release|Any CPU
		{13A62DA0-FC49-4FF9-BC06-008028215337}.Ad-Hoc|Any CPU.Build.0 = Release|Any CPU
		{13A62DA0-FC49-4FF9-BC06-008028215337}.Ad-Hoc|Any CPU.Deploy.0 = Release|Any CPU
		{13A62DA0-FC49-4FF9-BC06-008028215337}.Ad-Hoc|ARM.ActiveCfg = Release|Any CPU
		{13A62DA0-FC49-4FF9-BC06-008028215337}.Ad-Hoc|iPhone.ActiveCfg = Release|Any CPU
		{13A62DA0-FC49-4FF9-BC06-008028215337}.Ad-Hoc|iPhoneSimulator.ActiveCfg = Release|Any CPU
		{13A62DA0-FC49-4FF9-BC06-008028215337}.Ad-Hoc|Mixed Platforms.ActiveCfg = Release|Any CPU
		{13A62DA0-FC49-4FF9-BC06-008028215337}.Ad-Hoc|Mixed Platforms.Build.0 = Release|Any CPU
		{13A62DA0-FC49-4FF9-BC06-008028215337}.Ad-Hoc|Mixed Platforms.Deploy.0 = Release|Any CPU
		{13A62DA0-FC49-4FF9-BC06-008028215337}.Ad-Hoc|x86.ActiveCfg = Release|Any CPU
		{13A62DA0-FC49-4FF9-BC06-008028215337}.AppStore|Any CPU.ActiveCfg = Release|Any CPU
		{13A62DA0-FC49-4FF9-BC06-008028215337}.AppStore|Any CPU.Build.0 = Release|Any CPU
		{13A62DA0-FC49-4FF9-BC06-008028215337}.AppStore|Any CPU.Deploy.0 = Release|Any CPU
		{13A62DA0-FC49-4FF9-BC06-008028215337}.AppStore|ARM.ActiveCfg = Release|Any CPU
		{13A62DA0-FC49-4FF9-BC06-008028215337}.AppStore|iPhone.ActiveCfg = Release|Any CPU
		{13A62DA0-FC49-4FF9-BC06-008028215337}.AppStore|iPhoneSimulator.ActiveCfg = Release|Any CPU
		{13A62DA0-FC49-4FF9-BC06-008028215337}.AppStore|Mixed Platforms.ActiveCfg = Release|Any CPU
		{13A62DA0-FC49-4FF9-BC06-008028215337}.AppStore|Mixed Platforms.Build.0 = Release|Any CPU
		{13A62DA0-FC49-4FF9-BC06-008028215337}.AppStore|Mixed Platforms.Deploy.0 = Release|Any CPU
		{13A62DA0-FC49-4FF9-BC06-008028215337}.AppStore|x86.ActiveCfg = Release|Any CPU
		{13A62DA0-FC49-4FF9-BC06-008028215337}.Debug|Any CPU.ActiveCfg = Debug|Any CPU
		{13A62DA0-FC49-4FF9-BC06-008028215337}.Debug|Any CPU.Build.0 = Debug|Any CPU
		{13A62DA0-FC49-4FF9-BC06-008028215337}.Debug|Any CPU.Deploy.0 = Debug|Any CPU
		{13A62DA0-FC49-4FF9-BC06-008028215337}.Debug|ARM.ActiveCfg = Debug|Any CPU
		{13A62DA0-FC49-4FF9-BC06-008028215337}.Debug|iPhone.ActiveCfg = Debug|Any CPU
		{13A62DA0-FC49-4FF9-BC06-008028215337}.Debug|iPhoneSimulator.ActiveCfg = Debug|Any CPU
		{13A62DA0-FC49-4FF9-BC06-008028215337}.Debug|Mixed Platforms.ActiveCfg = Debug|Any CPU
		{13A62DA0-FC49-4FF9-BC06-008028215337}.Debug|Mixed Platforms.Build.0 = Debug|Any CPU
		{13A62DA0-FC49-4FF9-BC06-008028215337}.Debug|Mixed Platforms.Deploy.0 = Debug|Any CPU
		{13A62DA0-FC49-4FF9-BC06-008028215337}.Debug|x86.ActiveCfg = Debug|Any CPU
		{13A62DA0-FC49-4FF9-BC06-008028215337}.Release|Any CPU.ActiveCfg = Release|Any CPU
		{13A62DA0-FC49-4FF9-BC06-008028215337}.Release|Any CPU.Build.0 = Release|Any CPU
		{13A62DA0-FC49-4FF9-BC06-008028215337}.Release|Any CPU.Deploy.0 = Release|Any CPU
		{13A62DA0-FC49-4FF9-BC06-008028215337}.Release|ARM.ActiveCfg = Release|Any CPU
		{13A62DA0-FC49-4FF9-BC06-008028215337}.Release|iPhone.ActiveCfg = Release|Any CPU
		{13A62DA0-FC49-4FF9-BC06-008028215337}.Release|iPhoneSimulator.ActiveCfg = Release|Any CPU
		{13A62DA0-FC49-4FF9-BC06-008028215337}.Release|Mixed Platforms.ActiveCfg = Release|Any CPU
		{13A62DA0-FC49-4FF9-BC06-008028215337}.Release|Mixed Platforms.Build.0 = Release|Any CPU
		{13A62DA0-FC49-4FF9-BC06-008028215337}.Release|Mixed Platforms.Deploy.0 = Release|Any CPU
		{13A62DA0-FC49-4FF9-BC06-008028215337}.Release|x86.ActiveCfg = Release|Any CPU
	EndGlobalSection
	GlobalSection(SolutionProperties) = preSolution
		HideSolutionNode = FALSE
	EndGlobalSection
	GlobalSection(MonoDevelopProperties) = preSolution
		StartupItem = AsyncAndXamarinForms.Android\AsyncAndXamarinForms.Android.csproj
	EndGlobalSection
EndGlobal
